// !$*UTF8*$!
{
	archiveVersion = 1;
	classes = {
	};
	objectVersion = 56;
	objects = {

/* Begin PBXBuildFile section */
		462102CB2C5818D200924E6E /* RoudRobinView.swift in Sources */ = {isa = PBXBuildFile; fileRef = 462102CA2C5818D100924E6E /* RoudRobinView.swift */; };
		462102CF2C5956D700924E6E /* MatchView.swift in Sources */ = {isa = PBXBuildFile; fileRef = 462102CE2C5956D700924E6E /* MatchView.swift */; };
		462FA4BB2BD2E45700175699 /* tournamentsApp.swift in Sources */ = {isa = PBXBuildFile; fileRef = 462FA4BA2BD2E45700175699 /* tournamentsApp.swift */; };
		462FA4BF2BD2E45800175699 /* Assets.xcassets in Resources */ = {isa = PBXBuildFile; fileRef = 462FA4BE2BD2E45800175699 /* Assets.xcassets */; };
		462FA4C22BD2E45800175699 /* Preview Assets.xcassets in Resources */ = {isa = PBXBuildFile; fileRef = 462FA4C12BD2E45800175699 /* Preview Assets.xcassets */; };
		464657A02BE6758400A963C2 /* Launch Screen.storyboard in Resources */ = {isa = PBXBuildFile; fileRef = 4646579F2BE6758400A963C2 /* Launch Screen.storyboard */; };
		465554212C714A3500C1CB7C /* Player.swift in Sources */ = {isa = PBXBuildFile; fileRef = 465554202C714A3500C1CB7C /* Player.swift */; };
		465554232C714A8D00C1CB7C /* EditModalDialogView.swift in Sources */ = {isa = PBXBuildFile; fileRef = 465554222C714A8D00C1CB7C /* EditModalDialogView.swift */; };
		466B70BD2C3AA8FE00BF7426 /* MainPageView.swift in Sources */ = {isa = PBXBuildFile; fileRef = 466B70BC2C3AA8FE00BF7426 /* MainPageView.swift */; };
		466B70BF2C3AAACA00BF7426 /* NewTournamentView.swift in Sources */ = {isa = PBXBuildFile; fileRef = 466B70BE2C3AAACA00BF7426 /* NewTournamentView.swift */; };
		466B70C12C3AAEE700BF7426 /* MainPageViewModel.swift in Sources */ = {isa = PBXBuildFile; fileRef = 466B70C02C3AAEE700BF7426 /* MainPageViewModel.swift */; };
		466B70C32C3AB51200BF7426 /* NewTournamentViewModel.swift in Sources */ = {isa = PBXBuildFile; fileRef = 466B70C22C3AB51200BF7426 /* NewTournamentViewModel.swift */; };
		466B70C52C3AFCD400BF7426 /* ImagePicker.swift in Sources */ = {isa = PBXBuildFile; fileRef = 466B70C42C3AFCD400BF7426 /* ImagePicker.swift */; };
		466B70CF2C3B0D3800BF7426 /* RealmManager.swift in Sources */ = {isa = PBXBuildFile; fileRef = 466B70CE2C3B0D3700BF7426 /* RealmManager.swift */; };
		466B70D12C3B0D7A00BF7426 /* Tournaments.swift in Sources */ = {isa = PBXBuildFile; fileRef = 466B70D02C3B0D7A00BF7426 /* Tournaments.swift */; };
		466B70DB2C3B126D00BF7426 /* RealmSwift in Frameworks */ = {isa = PBXBuildFile; productRef = 466B70DA2C3B126D00BF7426 /* RealmSwift */; };
		466B70DF2C3C813700BF7426 /* RealmSwift in Embed Frameworks */ = {isa = PBXBuildFile; productRef = 466B70DA2C3B126D00BF7426 /* RealmSwift */; settings = {ATTRIBUTES = (CodeSignOnCopy, ); }; };
		466B70E22C45AF1900BF7426 /* SingleEliminationView.swift in Sources */ = {isa = PBXBuildFile; fileRef = 466B70E12C45AF1900BF7426 /* SingleEliminationView.swift */; };
		466B70E62C45C56B00BF7426 /* Match.swift in Sources */ = {isa = PBXBuildFile; fileRef = 466B70E52C45C56B00BF7426 /* Match.swift */; };
		466B70E82C45C73100BF7426 /* TournamentGenerateModel.swift in Sources */ = {isa = PBXBuildFile; fileRef = 466B70E72C45C73100BF7426 /* TournamentGenerateModel.swift */; };
		467E9A022C46FDDC00F9774E /* TournamentTable.swift in Sources */ = {isa = PBXBuildFile; fileRef = 467E9A012C46FDDC00F9774E /* TournamentTable.swift */; };
		469CDB1D2C66C9EC00B1143F /* SettingsView.swift in Sources */ = {isa = PBXBuildFile; fileRef = 469CDB1C2C66C9EC00B1143F /* SettingsView.swift */; };
		469CDB1F2C66E9FA00B1143F /* TournamentSettings.swift in Sources */ = {isa = PBXBuildFile; fileRef = 469CDB1E2C66E9FA00B1143F /* TournamentSettings.swift */; };
		469CDB212C677BEA00B1143F /* SettingsViewModel.swift in Sources */ = {isa = PBXBuildFile; fileRef = 469CDB202C677BEA00B1143F /* SettingsViewModel.swift */; };
/* End PBXBuildFile section */

/* Begin PBXCopyFilesBuildPhase section */
		466B70E02C3C813700BF7426 /* Embed Frameworks */ = {
			isa = PBXCopyFilesBuildPhase;
			buildActionMask = 2147483647;
			dstPath = "";
			dstSubfolderSpec = 10;
			files = (
				466B70DF2C3C813700BF7426 /* RealmSwift in Embed Frameworks */,
			);
			name = "Embed Frameworks";
			runOnlyForDeploymentPostprocessing = 0;
		};
/* End PBXCopyFilesBuildPhase section */

/* Begin PBXFileReference section */
		462102CA2C5818D100924E6E /* RoudRobinView.swift */ = {isa = PBXFileReference; lastKnownFileType = sourcecode.swift; path = RoudRobinView.swift; sourceTree = "<group>"; };
		462102CE2C5956D700924E6E /* MatchView.swift */ = {isa = PBXFileReference; lastKnownFileType = sourcecode.swift; path = MatchView.swift; sourceTree = "<group>"; };
		462FA4B72BD2E45700175699 /* tournaments.app */ = {isa = PBXFileReference; explicitFileType = wrapper.application; includeInIndex = 0; path = tournaments.app; sourceTree = BUILT_PRODUCTS_DIR; };
		462FA4BA2BD2E45700175699 /* tournamentsApp.swift */ = {isa = PBXFileReference; lastKnownFileType = sourcecode.swift; path = tournamentsApp.swift; sourceTree = "<group>"; };
		462FA4BE2BD2E45800175699 /* Assets.xcassets */ = {isa = PBXFileReference; lastKnownFileType = folder.assetcatalog; path = Assets.xcassets; sourceTree = "<group>"; };
		462FA4C12BD2E45800175699 /* Preview Assets.xcassets */ = {isa = PBXFileReference; lastKnownFileType = folder.assetcatalog; path = "Preview Assets.xcassets"; sourceTree = "<group>"; };
		4646579F2BE6758400A963C2 /* Launch Screen.storyboard */ = {isa = PBXFileReference; lastKnownFileType = file.storyboard; path = "Launch Screen.storyboard"; sourceTree = "<group>"; };
		465554202C714A3500C1CB7C /* Player.swift */ = {isa = PBXFileReference; lastKnownFileType = sourcecode.swift; path = Player.swift; sourceTree = "<group>"; };
		465554222C714A8D00C1CB7C /* EditModalDialogView.swift */ = {isa = PBXFileReference; lastKnownFileType = sourcecode.swift; path = EditModalDialogView.swift; sourceTree = "<group>"; };
		466B70BC2C3AA8FE00BF7426 /* MainPageView.swift */ = {isa = PBXFileReference; lastKnownFileType = sourcecode.swift; path = MainPageView.swift; sourceTree = "<group>"; };
		466B70BE2C3AAACA00BF7426 /* NewTournamentView.swift */ = {isa = PBXFileReference; lastKnownFileType = sourcecode.swift; path = NewTournamentView.swift; sourceTree = "<group>"; wrapsLines = 1; };
		466B70C02C3AAEE700BF7426 /* MainPageViewModel.swift */ = {isa = PBXFileReference; lastKnownFileType = sourcecode.swift; path = MainPageViewModel.swift; sourceTree = "<group>"; };
		466B70C22C3AB51200BF7426 /* NewTournamentViewModel.swift */ = {isa = PBXFileReference; lastKnownFileType = sourcecode.swift; path = NewTournamentViewModel.swift; sourceTree = "<group>"; };
		466B70C42C3AFCD400BF7426 /* ImagePicker.swift */ = {isa = PBXFileReference; lastKnownFileType = sourcecode.swift; path = ImagePicker.swift; sourceTree = "<group>"; };
		466B70C82C3B068100BF7426 /* Info.plist */ = {isa = PBXFileReference; lastKnownFileType = text.plist; path = Info.plist; sourceTree = "<group>"; };
		466B70CE2C3B0D3700BF7426 /* RealmManager.swift */ = {isa = PBXFileReference; lastKnownFileType = sourcecode.swift; path = RealmManager.swift; sourceTree = "<group>"; };
		466B70D02C3B0D7A00BF7426 /* Tournaments.swift */ = {isa = PBXFileReference; lastKnownFileType = sourcecode.swift; path = Tournaments.swift; sourceTree = "<group>"; };
		466B70E12C45AF1900BF7426 /* SingleEliminationView.swift */ = {isa = PBXFileReference; lastKnownFileType = sourcecode.swift; path = SingleEliminationView.swift; sourceTree = "<group>"; };
		466B70E52C45C56B00BF7426 /* Match.swift */ = {isa = PBXFileReference; lastKnownFileType = sourcecode.swift; path = Match.swift; sourceTree = "<group>"; };
		466B70E72C45C73100BF7426 /* TournamentGenerateModel.swift */ = {isa = PBXFileReference; lastKnownFileType = sourcecode.swift; path = TournamentGenerateModel.swift; sourceTree = "<group>"; };
		467E9A012C46FDDC00F9774E /* TournamentTable.swift */ = {isa = PBXFileReference; lastKnownFileType = sourcecode.swift; path = TournamentTable.swift; sourceTree = "<group>"; };
		469CDB1C2C66C9EC00B1143F /* SettingsView.swift */ = {isa = PBXFileReference; lastKnownFileType = sourcecode.swift; path = SettingsView.swift; sourceTree = "<group>"; };
		469CDB1E2C66E9FA00B1143F /* TournamentSettings.swift */ = {isa = PBXFileReference; lastKnownFileType = sourcecode.swift; path = TournamentSettings.swift; sourceTree = "<group>"; };
		469CDB202C677BEA00B1143F /* SettingsViewModel.swift */ = {isa = PBXFileReference; lastKnownFileType = sourcecode.swift; path = SettingsViewModel.swift; sourceTree = "<group>"; };
/* End PBXFileReference section */

/* Begin PBXFrameworksBuildPhase section */
		462FA4B42BD2E45700175699 /* Frameworks */ = {
			isa = PBXFrameworksBuildPhase;
			buildActionMask = 2147483647;
			files = (
				466B70DB2C3B126D00BF7426 /* RealmSwift in Frameworks */,
			);
			runOnlyForDeploymentPostprocessing = 0;
		};
/* End PBXFrameworksBuildPhase section */

/* Begin PBXGroup section */
		462FA4AE2BD2E45700175699 = {
			isa = PBXGroup;
			children = (
				462FA4B92BD2E45700175699 /* tournaments */,
				462FA4B82BD2E45700175699 /* Products */,
			);
			sourceTree = "<group>";
		};
		462FA4B82BD2E45700175699 /* Products */ = {
			isa = PBXGroup;
			children = (
				462FA4B72BD2E45700175699 /* tournaments.app */,
			);
			name = Products;
			sourceTree = "<group>";
		};
		462FA4B92BD2E45700175699 /* tournaments */ = {
			isa = PBXGroup;
			children = (
				466B70C82C3B068100BF7426 /* Info.plist */,
				466B70DC2C3C713B00BF7426 /* RealmDB */,
				464657A42BE680D700A963C2 /* Others */,
				464657A32BE680C400A963C2 /* Models */,
				464657A22BE6808300A963C2 /* ViewModels */,
				464657A12BE6805500A963C2 /* View */,
				462FA4C02BD2E45800175699 /* Preview Content */,
			);
			path = tournaments;
			sourceTree = "<group>";
		};
		462FA4C02BD2E45800175699 /* Preview Content */ = {
			isa = PBXGroup;
			children = (
				462FA4C12BD2E45800175699 /* Preview Assets.xcassets */,
			);
			path = "Preview Content";
			sourceTree = "<group>";
		};
		464657A12BE6805500A963C2 /* View */ = {
			isa = PBXGroup;
			children = (
				466B70BC2C3AA8FE00BF7426 /* MainPageView.swift */,
				466B70BE2C3AAACA00BF7426 /* NewTournamentView.swift */,
				466B70E12C45AF1900BF7426 /* SingleEliminationView.swift */,
				462102CA2C5818D100924E6E /* RoudRobinView.swift */,
				462102CE2C5956D700924E6E /* MatchView.swift */,
				469CDB1C2C66C9EC00B1143F /* SettingsView.swift */,
				465554222C714A8D00C1CB7C /* EditModalDialogView.swift */,
			);
			path = View;
			sourceTree = "<group>";
		};
		464657A22BE6808300A963C2 /* ViewModels */ = {
			isa = PBXGroup;
			children = (
				466B70C02C3AAEE700BF7426 /* MainPageViewModel.swift */,
				466B70C22C3AB51200BF7426 /* NewTournamentViewModel.swift */,
				466B70E72C45C73100BF7426 /* TournamentGenerateModel.swift */,
				469CDB202C677BEA00B1143F /* SettingsViewModel.swift */,
			);
			path = ViewModels;
			sourceTree = "<group>";
		};
		464657A32BE680C400A963C2 /* Models */ = {
			isa = PBXGroup;
			children = (
				466B70D02C3B0D7A00BF7426 /* Tournaments.swift */,
				466B70E52C45C56B00BF7426 /* Match.swift */,
				467E9A012C46FDDC00F9774E /* TournamentTable.swift */,
				469CDB1E2C66E9FA00B1143F /* TournamentSettings.swift */,
				465554202C714A3500C1CB7C /* Player.swift */,
			);
			path = Models;
			sourceTree = "<group>";
		};
		464657A42BE680D700A963C2 /* Others */ = {
			isa = PBXGroup;
			children = (
				4646579F2BE6758400A963C2 /* Launch Screen.storyboard */,
				462FA4BA2BD2E45700175699 /* tournamentsApp.swift */,
				462FA4BE2BD2E45800175699 /* Assets.xcassets */,
				466B70C42C3AFCD400BF7426 /* ImagePicker.swift */,
			);
			path = Others;
			sourceTree = "<group>";
		};
		466B70DC2C3C713B00BF7426 /* RealmDB */ = {
			isa = PBXGroup;
			children = (
				466B70CE2C3B0D3700BF7426 /* RealmManager.swift */,
			);
			path = RealmDB;
			sourceTree = "<group>";
		};
/* End PBXGroup section */

/* Begin PBXNativeTarget section */
		462FA4B62BD2E45700175699 /* tournaments */ = {
			isa = PBXNativeTarget;
			buildConfigurationList = 462FA4C52BD2E45800175699 /* Build configuration list for PBXNativeTarget "tournaments" */;
			buildPhases = (
				462FA4B32BD2E45700175699 /* Sources */,
				462FA4B42BD2E45700175699 /* Frameworks */,
				462FA4B52BD2E45700175699 /* Resources */,
				466B70E02C3C813700BF7426 /* Embed Frameworks */,
			);
			buildRules = (
			);
			dependencies = (
			);
			name = tournaments;
			packageProductDependencies = (
				466B70DA2C3B126D00BF7426 /* RealmSwift */,
			);
			productName = tournaments;
			productReference = 462FA4B72BD2E45700175699 /* tournaments.app */;
			productType = "com.apple.product-type.application";
		};
/* End PBXNativeTarget section */

/* Begin PBXProject section */
		462FA4AF2BD2E45700175699 /* Project object */ = {
			isa = PBXProject;
			attributes = {
				BuildIndependentTargetsInParallel = 1;
				LastSwiftUpdateCheck = 1530;
				LastUpgradeCheck = 1530;
				TargetAttributes = {
					462FA4B62BD2E45700175699 = {
						CreatedOnToolsVersion = 15.3;
					};
				};
			};
			buildConfigurationList = 462FA4B22BD2E45700175699 /* Build configuration list for PBXProject "tournaments" */;
			compatibilityVersion = "Xcode 14.0";
			developmentRegion = en;
			hasScannedForEncodings = 0;
			knownRegions = (
				en,
				Base,
			);
			mainGroup = 462FA4AE2BD2E45700175699;
			packageReferences = (
				466B70D72C3B126D00BF7426 /* XCRemoteSwiftPackageReference "realm-swift" */,
			);
			productRefGroup = 462FA4B82BD2E45700175699 /* Products */;
			projectDirPath = "";
			projectRoot = "";
			targets = (
				462FA4B62BD2E45700175699 /* tournaments */,
			);
		};
/* End PBXProject section */

/* Begin PBXResourcesBuildPhase section */
		462FA4B52BD2E45700175699 /* Resources */ = {
			isa = PBXResourcesBuildPhase;
			buildActionMask = 2147483647;
			files = (
				464657A02BE6758400A963C2 /* Launch Screen.storyboard in Resources */,
				462FA4C22BD2E45800175699 /* Preview Assets.xcassets in Resources */,
				462FA4BF2BD2E45800175699 /* Assets.xcassets in Resources */,
			);
			runOnlyForDeploymentPostprocessing = 0;
		};
/* End PBXResourcesBuildPhase section */

/* Begin PBXSourcesBuildPhase section */
		462FA4B32BD2E45700175699 /* Sources */ = {
			isa = PBXSourcesBuildPhase;
			buildActionMask = 2147483647;
			files = (
				465554232C714A8D00C1CB7C /* EditModalDialogView.swift in Sources */,
				466B70D12C3B0D7A00BF7426 /* Tournaments.swift in Sources */,
				466B70E82C45C73100BF7426 /* TournamentGenerateModel.swift in Sources */,
				466B70E22C45AF1900BF7426 /* SingleEliminationView.swift in Sources */,
				462102CF2C5956D700924E6E /* MatchView.swift in Sources */,
				469CDB1F2C66E9FA00B1143F /* TournamentSettings.swift in Sources */,
				466B70C52C3AFCD400BF7426 /* ImagePicker.swift in Sources */,
				462102CB2C5818D200924E6E /* RoudRobinView.swift in Sources */,
				466B70C12C3AAEE700BF7426 /* MainPageViewModel.swift in Sources */,
				466B70E62C45C56B00BF7426 /* Match.swift in Sources */,
				469CDB1D2C66C9EC00B1143F /* SettingsView.swift in Sources */,
				466B70CF2C3B0D3800BF7426 /* RealmManager.swift in Sources */,
				466B70BF2C3AAACA00BF7426 /* NewTournamentView.swift in Sources */,
				467E9A022C46FDDC00F9774E /* TournamentTable.swift in Sources */,
				466B70BD2C3AA8FE00BF7426 /* MainPageView.swift in Sources */,
				462FA4BB2BD2E45700175699 /* tournamentsApp.swift in Sources */,
				466B70C32C3AB51200BF7426 /* NewTournamentViewModel.swift in Sources */,
				465554212C714A3500C1CB7C /* Player.swift in Sources */,
				469CDB212C677BEA00B1143F /* SettingsViewModel.swift in Sources */,
			);
			runOnlyForDeploymentPostprocessing = 0;
		};
/* End PBXSourcesBuildPhase section */

/* Begin XCBuildConfiguration section */
		462FA4C32BD2E45800175699 /* Debug */ = {
			isa = XCBuildConfiguration;
			buildSettings = {
				ALWAYS_SEARCH_USER_PATHS = NO;
				ASSETCATALOG_COMPILER_GENERATE_SWIFT_ASSET_SYMBOL_EXTENSIONS = YES;
				CLANG_ANALYZER_NONNULL = YES;
				CLANG_ANALYZER_NUMBER_OBJECT_CONVERSION = YES_AGGRESSIVE;
				CLANG_CXX_LANGUAGE_STANDARD = "gnu++20";
				CLANG_ENABLE_MODULES = YES;
				CLANG_ENABLE_OBJC_ARC = YES;
				CLANG_ENABLE_OBJC_WEAK = YES;
				CLANG_WARN_BLOCK_CAPTURE_AUTORELEASING = YES;
				CLANG_WARN_BOOL_CONVERSION = YES;
				CLANG_WARN_COMMA = YES;
				CLANG_WARN_CONSTANT_CONVERSION = YES;
				CLANG_WARN_DEPRECATED_OBJC_IMPLEMENTATIONS = YES;
				CLANG_WARN_DIRECT_OBJC_ISA_USAGE = YES_ERROR;
				CLANG_WARN_DOCUMENTATION_COMMENTS = YES;
				CLANG_WARN_EMPTY_BODY = YES;
				CLANG_WARN_ENUM_CONVERSION = YES;
				CLANG_WARN_INFINITE_RECURSION = YES;
				CLANG_WARN_INT_CONVERSION = YES;
				CLANG_WARN_NON_LITERAL_NULL_CONVERSION = YES;
				CLANG_WARN_OBJC_IMPLICIT_RETAIN_SELF = YES;
				CLANG_WARN_OBJC_LITERAL_CONVERSION = YES;
				CLANG_WARN_OBJC_ROOT_CLASS = YES_ERROR;
				CLANG_WARN_QUOTED_INCLUDE_IN_FRAMEWORK_HEADER = YES;
				CLANG_WARN_RANGE_LOOP_ANALYSIS = YES;
				CLANG_WARN_STRICT_PROTOTYPES = YES;
				CLANG_WARN_SUSPICIOUS_MOVE = YES;
				CLANG_WARN_UNGUARDED_AVAILABILITY = YES_AGGRESSIVE;
				CLANG_WARN_UNREACHABLE_CODE = YES;
				CLANG_WARN__DUPLICATE_METHOD_MATCH = YES;
				COPY_PHASE_STRIP = NO;
				DEBUG_INFORMATION_FORMAT = dwarf;
				ENABLE_STRICT_OBJC_MSGSEND = YES;
				ENABLE_TESTABILITY = YES;
				ENABLE_USER_SCRIPT_SANDBOXING = YES;
				GCC_C_LANGUAGE_STANDARD = gnu17;
				GCC_DYNAMIC_NO_PIC = NO;
				GCC_NO_COMMON_BLOCKS = YES;
				GCC_OPTIMIZATION_LEVEL = 0;
				GCC_PREPROCESSOR_DEFINITIONS = (
					"DEBUG=1",
					"$(inherited)",
				);
				GCC_WARN_64_TO_32_BIT_CONVERSION = YES;
				GCC_WARN_ABOUT_RETURN_TYPE = YES_ERROR;
				GCC_WARN_UNDECLARED_SELECTOR = YES;
				GCC_WARN_UNINITIALIZED_AUTOS = YES_AGGRESSIVE;
				GCC_WARN_UNUSED_FUNCTION = YES;
				GCC_WARN_UNUSED_VARIABLE = YES;
				IPHONEOS_DEPLOYMENT_TARGET = 17.4;
				LOCALIZATION_PREFERS_STRING_CATALOGS = YES;
				MTL_ENABLE_DEBUG_INFO = INCLUDE_SOURCE;
				MTL_FAST_MATH = YES;
				ONLY_ACTIVE_ARCH = YES;
				SDKROOT = iphoneos;
				SWIFT_ACTIVE_COMPILATION_CONDITIONS = "DEBUG $(inherited)";
				SWIFT_OPTIMIZATION_LEVEL = "-Onone";
			};
			name = Debug;
		};
		462FA4C42BD2E45800175699 /* Release */ = {
			isa = XCBuildConfiguration;
			buildSettings = {
				ALWAYS_SEARCH_USER_PATHS = NO;
				ASSETCATALOG_COMPILER_GENERATE_SWIFT_ASSET_SYMBOL_EXTENSIONS = YES;
				CLANG_ANALYZER_NONNULL = YES;
				CLANG_ANALYZER_NUMBER_OBJECT_CONVERSION = YES_AGGRESSIVE;
				CLANG_CXX_LANGUAGE_STANDARD = "gnu++20";
				CLANG_ENABLE_MODULES = YES;
				CLANG_ENABLE_OBJC_ARC = YES;
				CLANG_ENABLE_OBJC_WEAK = YES;
				CLANG_WARN_BLOCK_CAPTURE_AUTORELEASING = YES;
				CLANG_WARN_BOOL_CONVERSION = YES;
				CLANG_WARN_COMMA = YES;
				CLANG_WARN_CONSTANT_CONVERSION = YES;
				CLANG_WARN_DEPRECATED_OBJC_IMPLEMENTATIONS = YES;
				CLANG_WARN_DIRECT_OBJC_ISA_USAGE = YES_ERROR;
				CLANG_WARN_DOCUMENTATION_COMMENTS = YES;
				CLANG_WARN_EMPTY_BODY = YES;
				CLANG_WARN_ENUM_CONVERSION = YES;
				CLANG_WARN_INFINITE_RECURSION = YES;
				CLANG_WARN_INT_CONVERSION = YES;
				CLANG_WARN_NON_LITERAL_NULL_CONVERSION = YES;
				CLANG_WARN_OBJC_IMPLICIT_RETAIN_SELF = YES;
				CLANG_WARN_OBJC_LITERAL_CONVERSION = YES;
				CLANG_WARN_OBJC_ROOT_CLASS = YES_ERROR;
				CLANG_WARN_QUOTED_INCLUDE_IN_FRAMEWORK_HEADER = YES;
				CLANG_WARN_RANGE_LOOP_ANALYSIS = YES;
				CLANG_WARN_STRICT_PROTOTYPES = YES;
				CLANG_WARN_SUSPICIOUS_MOVE = YES;
				CLANG_WARN_UNGUARDED_AVAILABILITY = YES_AGGRESSIVE;
				CLANG_WARN_UNREACHABLE_CODE = YES;
				CLANG_WARN__DUPLICATE_METHOD_MATCH = YES;
				COPY_PHASE_STRIP = NO;
				DEBUG_INFORMATION_FORMAT = "dwarf-with-dsym";
				ENABLE_NS_ASSERTIONS = NO;
				ENABLE_STRICT_OBJC_MSGSEND = YES;
				ENABLE_USER_SCRIPT_SANDBOXING = YES;
				GCC_C_LANGUAGE_STANDARD = gnu17;
				GCC_NO_COMMON_BLOCKS = YES;
				GCC_WARN_64_TO_32_BIT_CONVERSION = YES;
				GCC_WARN_ABOUT_RETURN_TYPE = YES_ERROR;
				GCC_WARN_UNDECLARED_SELECTOR = YES;
				GCC_WARN_UNINITIALIZED_AUTOS = YES_AGGRESSIVE;
				GCC_WARN_UNUSED_FUNCTION = YES;
				GCC_WARN_UNUSED_VARIABLE = YES;
				IPHONEOS_DEPLOYMENT_TARGET = 17.4;
				LOCALIZATION_PREFERS_STRING_CATALOGS = YES;
				MTL_ENABLE_DEBUG_INFO = NO;
				MTL_FAST_MATH = YES;
				SDKROOT = iphoneos;
				SWIFT_COMPILATION_MODE = wholemodule;
				VALIDATE_PRODUCT = YES;
			};
			name = Release;
		};
		462FA4C62BD2E45800175699 /* Debug */ = {
			isa = XCBuildConfiguration;
			buildSettings = {
				ASSETCATALOG_COMPILER_APPICON_NAME = AppIcon;
				ASSETCATALOG_COMPILER_GLOBAL_ACCENT_COLOR_NAME = AccentColor;
				CODE_SIGN_STYLE = Automatic;
				CURRENT_PROJECT_VERSION = 1;
				DEVELOPMENT_ASSET_PATHS = "\"tournaments/Preview Content\"";
				DEVELOPMENT_TEAM = 57VY4JK4N8;
				ENABLE_PREVIEWS = YES;
				GENERATE_INFOPLIST_FILE = YES;
				INFOPLIST_FILE = tournaments/Info.plist;
				INFOPLIST_KEY_CFBundleDisplayName = Tournaments;
				INFOPLIST_KEY_LSApplicationCategoryType = "public.app-category.sports";
				INFOPLIST_KEY_UIApplicationSceneManifest_Generation = YES;
				INFOPLIST_KEY_UIApplicationSupportsIndirectInputEvents = YES;
				INFOPLIST_KEY_UILaunchScreen_Generation = YES;
				INFOPLIST_KEY_UILaunchStoryboardName = "Launch Screen.storyboard";
				INFOPLIST_KEY_UIRequiresFullScreen = YES;
				INFOPLIST_KEY_UIStatusBarStyle = UIStatusBarStyleDarkContent;
				INFOPLIST_KEY_UISupportedInterfaceOrientations = "UIInterfaceOrientationLandscapeLeft UIInterfaceOrientationLandscapeRight";
				IPHONEOS_DEPLOYMENT_TARGET = 17.0;
				LD_RUNPATH_SEARCH_PATHS = (
					"$(inherited)",
					"@executable_path/Frameworks",
				);
				MARKETING_VERSION = 1.0;
				PRODUCT_BUNDLE_IDENTIFIER = uhk.tournaments;
				PRODUCT_NAME = "$(TARGET_NAME)";
				SWIFT_EMIT_LOC_STRINGS = YES;
				SWIFT_VERSION = 5.0;
				TARGETED_DEVICE_FAMILY = "1,2";
			};
			name = Debug;
		};
		462FA4C72BD2E45800175699 /* Release */ = {
			isa = XCBuildConfiguration;
			buildSettings = {
				ASSETCATALOG_COMPILER_APPICON_NAME = AppIcon;
				ASSETCATALOG_COMPILER_GLOBAL_ACCENT_COLOR_NAME = AccentColor;
				CODE_SIGN_STYLE = Automatic;
				CURRENT_PROJECT_VERSION = 1;
				DEVELOPMENT_ASSET_PATHS = "\"tournaments/Preview Content\"";
				DEVELOPMENT_TEAM = 57VY4JK4N8;
				ENABLE_PREVIEWS = YES;
				GENERATE_INFOPLIST_FILE = YES;
				INFOPLIST_FILE = tournaments/Info.plist;
				INFOPLIST_KEY_CFBundleDisplayName = Tournaments;
				INFOPLIST_KEY_LSApplicationCategoryType = "public.app-category.sports";
				INFOPLIST_KEY_UIApplicationSceneManifest_Generation = YES;
				INFOPLIST_KEY_UIApplicationSupportsIndirectInputEvents = YES;
				INFOPLIST_KEY_UILaunchScreen_Generation = YES;
				INFOPLIST_KEY_UILaunchStoryboardName = "Launch Screen.storyboard";
				INFOPLIST_KEY_UIRequiresFullScreen = YES;
				INFOPLIST_KEY_UIStatusBarStyle = UIStatusBarStyleDarkContent;
				INFOPLIST_KEY_UISupportedInterfaceOrientations = "UIInterfaceOrientationLandscapeLeft UIInterfaceOrientationLandscapeRight";
				IPHONEOS_DEPLOYMENT_TARGET = 17.0;
				LD_RUNPATH_SEARCH_PATHS = (
					"$(inherited)",
					"@executable_path/Frameworks",
				);
				MARKETING_VERSION = 1.0;
				PRODUCT_BUNDLE_IDENTIFIER = uhk.tournaments;
				PRODUCT_NAME = "$(TARGET_NAME)";
				SWIFT_EMIT_LOC_STRINGS = YES;
				SWIFT_VERSION = 5.0;
				TARGETED_DEVICE_FAMILY = "1,2";
			};
			name = Release;
		};
/* End XCBuildConfiguration section */

/* Begin XCConfigurationList section */
		462FA4B22BD2E45700175699 /* Build configuration list for PBXProject "tournaments" */ = {
			isa = XCConfigurationList;
			buildConfigurations = (
				462FA4C32BD2E45800175699 /* Debug */,
				462FA4C42BD2E45800175699 /* Release */,
			);
			defaultConfigurationIsVisible = 0;
			defaultConfigurationName = Release;
		};
		462FA4C52BD2E45800175699 /* Build configuration list for PBXNativeTarget "tournaments" */ = {
			isa = XCConfigurationList;
			buildConfigurations = (
				462FA4C62BD2E45800175699 /* Debug */,
				462FA4C72BD2E45800175699 /* Release */,
			);
			defaultConfigurationIsVisible = 0;
			defaultConfigurationName = Release;
		};
/* End XCConfigurationList section */

/* Begin XCRemoteSwiftPackageReference section */
		466B70D72C3B126D00BF7426 /* XCRemoteSwiftPackageReference "realm-swift" */ = {
			isa = XCRemoteSwiftPackageReference;
			repositoryURL = "https://github.com/realm/realm-swift.git";
			requirement = {
				branch = master;
				kind = branch;
			};
		};
/* End XCRemoteSwiftPackageReference section */

/* Begin XCSwiftPackageProductDependency section */
		466B70DA2C3B126D00BF7426 /* RealmSwift */ = {
			isa = XCSwiftPackageProductDependency;
			package = 466B70D72C3B126D00BF7426 /* XCRemoteSwiftPackageReference "realm-swift" */;
			productName = RealmSwift;
		};
/* End XCSwiftPackageProductDependency section */
	};
	rootObject = 462FA4AF2BD2E45700175699 /* Project object */;
}
